// !$*UTF8*$!
{
	archiveVersion = 1;
	classes = {
	};
	objectVersion = 46;
	objects = {

/* Begin PBXAggregateTarget section */
		77D1F1561BBD878F00301854 /* Mogenerator */ = {
			isa = PBXAggregateTarget;
			buildConfigurationList = 77D1F1591BBD878F00301854 /* Build configuration list for PBXAggregateTarget "Mogenerator" */;
			buildPhases = (
				77D1F15A1BBD87A900301854 /* ShellScript */,
			);
			dependencies = (
			);
			name = Mogenerator;
			productName = Mogenerator;
		};
/* End PBXAggregateTarget section */

/* Begin PBXBuildFile section */
		77007FF61BBE23A7008DE2C7 /* json.txt in Resources */ = {isa = PBXBuildFile; fileRef = 77007FF51BBE23A7008DE2C7 /* json.txt */; settings = {ASSET_TAGS = (); }; };
		77007FF81BBE3B8D008DE2C7 /* jsonArray.txt in Resources */ = {isa = PBXBuildFile; fileRef = 77007FF71BBE3B8D008DE2C7 /* jsonArray.txt */; settings = {ASSET_TAGS = (); }; };
		772C92D41BCC173800E3E436 /* TIInstagramPost.m in Sources */ = {isa = PBXBuildFile; fileRef = 772C92C81BCC173800E3E436 /* TIInstagramPost.m */; settings = {ASSET_TAGS = (); }; };
		772C92D61BCC173800E3E436 /* TIUser.m in Sources */ = {isa = PBXBuildFile; fileRef = 772C92CC1BCC173800E3E436 /* TIUser.m */; settings = {ASSET_TAGS = (); }; };
		772C92D71BCC173800E3E436 /* _TIInstagramPost.m in Sources */ = {isa = PBXBuildFile; fileRef = 772C92CF1BCC173800E3E436 /* _TIInstagramPost.m */; settings = {ASSET_TAGS = (); }; };
		772C92D91BCC173800E3E436 /* _TIUser.m in Sources */ = {isa = PBXBuildFile; fileRef = 772C92D31BCC173800E3E436 /* _TIUser.m */; settings = {ASSET_TAGS = (); }; };
		772C92DD1BCC2BE500E3E436 /* TIInstagramPostsPaginationInfo+Mapping.m in Sources */ = {isa = PBXBuildFile; fileRef = 772C92DC1BCC2BE500E3E436 /* TIInstagramPostsPaginationInfo+Mapping.m */; settings = {ASSET_TAGS = (); }; };
		772C92E11BCC589C00E3E436 /* TIInstagramPostsPaginationInfo.m in Sources */ = {isa = PBXBuildFile; fileRef = 772C92E01BCC589C00E3E436 /* TIInstagramPostsPaginationInfo.m */; settings = {ASSET_TAGS = (); }; };
		77502F121BC5F8F700AAE06F /* TIInstagramPost+Mapping.m in Sources */ = {isa = PBXBuildFile; fileRef = 77502F051BC5F8F700AAE06F /* TIInstagramPost+Mapping.m */; settings = {ASSET_TAGS = (); }; };
		77502F131BC5F8F700AAE06F /* TIInstagramManager.m in Sources */ = {isa = PBXBuildFile; fileRef = 77502F081BC5F8F700AAE06F /* TIInstagramManager.m */; settings = {ASSET_TAGS = (); }; };
		77502F141BC5F8F700AAE06F /* TIInstagramMapingManager.m in Sources */ = {isa = PBXBuildFile; fileRef = 77502F0B1BC5F8F700AAE06F /* TIInstagramMapingManager.m */; settings = {ASSET_TAGS = (); }; };
		77502F151BC5F8F700AAE06F /* TIInstagramRequest.m in Sources */ = {isa = PBXBuildFile; fileRef = 77502F0E1BC5F8F700AAE06F /* TIInstagramRequest.m */; settings = {ASSET_TAGS = (); }; };
		77502F161BC5F8F700AAE06F /* TIInstagramRequestFactory.m in Sources */ = {isa = PBXBuildFile; fileRef = 77502F111BC5F8F700AAE06F /* TIInstagramRequestFactory.m */; settings = {ASSET_TAGS = (); }; };
		77502F1A1BC5F94400AAE06F /* TITaggedPostsDataSource.m in Sources */ = {isa = PBXBuildFile; fileRef = 77502F191BC5F94400AAE06F /* TITaggedPostsDataSource.m */; settings = {ASSET_TAGS = (); }; };
		77502F1E1BC5FC0700AAE06F /* NSFetchedResultsController+Factory.m in Sources */ = {isa = PBXBuildFile; fileRef = 77502F1D1BC5FC0700AAE06F /* NSFetchedResultsController+Factory.m */; settings = {ASSET_TAGS = (); }; };
		77502F221BC603B300AAE06F /* TITaggedPostsTableViewDataSource.m in Sources */ = {isa = PBXBuildFile; fileRef = 77502F211BC603B300AAE06F /* TITaggedPostsTableViewDataSource.m */; settings = {ASSET_TAGS = (); }; };
		77502F2A1BC604BA00AAE06F /* TITableViewCell.m in Sources */ = {isa = PBXBuildFile; fileRef = 77502F291BC604BA00AAE06F /* TITableViewCell.m */; settings = {ASSET_TAGS = (); }; };
		77502F321BC6079E00AAE06F /* UIImage+TaggedImages.m in Sources */ = {isa = PBXBuildFile; fileRef = 77502F311BC6079E00AAE06F /* UIImage+TaggedImages.m */; settings = {ASSET_TAGS = (); }; };
		77502F3A1BC60AD400AAE06F /* TITableViewController.m in Sources */ = {isa = PBXBuildFile; fileRef = 77502F391BC60AD400AAE06F /* TITableViewController.m */; settings = {ASSET_TAGS = (); }; };
		77502F411BC67B9500AAE06F /* TICollectionViewCell.m in Sources */ = {isa = PBXBuildFile; fileRef = 77502F401BC67B9500AAE06F /* TICollectionViewCell.m */; settings = {ASSET_TAGS = (); }; };
		77502F481BC67C9A00AAE06F /* TICollectionViewController.m in Sources */ = {isa = PBXBuildFile; fileRef = 77502F471BC67C9A00AAE06F /* TICollectionViewController.m */; settings = {ASSET_TAGS = (); }; };
		77502F4F1BC67DAA00AAE06F /* TITaggedPostsCollectionViewDataSource.m in Sources */ = {isa = PBXBuildFile; fileRef = 77502F4E1BC67DAA00AAE06F /* TITaggedPostsCollectionViewDataSource.m */; settings = {ASSET_TAGS = (); }; };
		77502F571BC6824400AAE06F /* TIContainerController.m in Sources */ = {isa = PBXBuildFile; fileRef = 77502F561BC6824400AAE06F /* TIContainerController.m */; settings = {ASSET_TAGS = (); }; };
		77502F5E1BC6873D00AAE06F /* TITagViewController.m in Sources */ = {isa = PBXBuildFile; fileRef = 77502F5D1BC6873D00AAE06F /* TITagViewController.m */; settings = {ASSET_TAGS = (); }; };
		77502F621BC6878700AAE06F /* TILoginViewController.m in Sources */ = {isa = PBXBuildFile; fileRef = 77502F611BC6878700AAE06F /* TILoginViewController.m */; settings = {ASSET_TAGS = (); }; };
		77833C771BBA977C003968EA /* main.m in Sources */ = {isa = PBXBuildFile; fileRef = 77833C761BBA977C003968EA /* main.m */; };
		77833C7A1BBA977C003968EA /* AppDelegate.m in Sources */ = {isa = PBXBuildFile; fileRef = 77833C791BBA977C003968EA /* AppDelegate.m */; };
		77833C7D1BBA977C003968EA /* ViewController.m in Sources */ = {isa = PBXBuildFile; fileRef = 77833C7C1BBA977C003968EA /* ViewController.m */; };
		77833C801BBA977C003968EA /* Main.storyboard in Resources */ = {isa = PBXBuildFile; fileRef = 77833C7E1BBA977C003968EA /* Main.storyboard */; };
		77833C831BBA977C003968EA /* TaggedImages.xcdatamodeld in Sources */ = {isa = PBXBuildFile; fileRef = 77833C811BBA977C003968EA /* TaggedImages.xcdatamodeld */; };
		77833C851BBA977C003968EA /* Assets.xcassets in Resources */ = {isa = PBXBuildFile; fileRef = 77833C841BBA977C003968EA /* Assets.xcassets */; };
		77833C881BBA977C003968EA /* LaunchScreen.storyboard in Resources */ = {isa = PBXBuildFile; fileRef = 77833C861BBA977C003968EA /* LaunchScreen.storyboard */; };
		AC53EB7A2A9C8E90AC7F0726 /* libPods-TaggedImages.a in Frameworks */ = {isa = PBXBuildFile; fileRef = B5A5D8DD0EF1309DFCC59235 /* libPods-TaggedImages.a */; };
/* End PBXBuildFile section */

/* Begin PBXFileReference section */
		3991F7B82A94EA3D93C4E414 /* Pods-TaggedImages.release.xcconfig */ = {isa = PBXFileReference; includeInIndex = 1; lastKnownFileType = text.xcconfig; name = "Pods-TaggedImages.release.xcconfig"; path = "Pods/Target Support Files/Pods-TaggedImages/Pods-TaggedImages.release.xcconfig"; sourceTree = "<group>"; };
		4F320C2D41255C7257F32931 /* Pods-TaggedImages.debug.xcconfig */ = {isa = PBXFileReference; includeInIndex = 1; lastKnownFileType = text.xcconfig; name = "Pods-TaggedImages.debug.xcconfig"; path = "Pods/Target Support Files/Pods-TaggedImages/Pods-TaggedImages.debug.xcconfig"; sourceTree = "<group>"; };
		77007FF51BBE23A7008DE2C7 /* json.txt */ = {isa = PBXFileReference; fileEncoding = 4; lastKnownFileType = text; path = json.txt; sourceTree = "<group>"; };
		77007FF71BBE3B8D008DE2C7 /* jsonArray.txt */ = {isa = PBXFileReference; fileEncoding = 4; lastKnownFileType = text; path = jsonArray.txt; sourceTree = "<group>"; };
		772C92C71BCC173800E3E436 /* TIInstagramPost.h */ = {isa = PBXFileReference; fileEncoding = 4; lastKnownFileType = sourcecode.c.h; path = TIInstagramPost.h; sourceTree = "<group>"; };
		772C92C81BCC173800E3E436 /* TIInstagramPost.m */ = {isa = PBXFileReference; fileEncoding = 4; lastKnownFileType = sourcecode.c.objc; path = TIInstagramPost.m; sourceTree = "<group>"; };
		772C92CB1BCC173800E3E436 /* TIUser.h */ = {isa = PBXFileReference; fileEncoding = 4; lastKnownFileType = sourcecode.c.h; path = TIUser.h; sourceTree = "<group>"; };
		772C92CC1BCC173800E3E436 /* TIUser.m */ = {isa = PBXFileReference; fileEncoding = 4; lastKnownFileType = sourcecode.c.objc; path = TIUser.m; sourceTree = "<group>"; };
		772C92CE1BCC173800E3E436 /* _TIInstagramPost.h */ = {isa = PBXFileReference; fileEncoding = 4; lastKnownFileType = sourcecode.c.h; path = _TIInstagramPost.h; sourceTree = "<group>"; };
		772C92CF1BCC173800E3E436 /* _TIInstagramPost.m */ = {isa = PBXFileReference; fileEncoding = 4; lastKnownFileType = sourcecode.c.objc; path = _TIInstagramPost.m; sourceTree = "<group>"; };
		772C92D21BCC173800E3E436 /* _TIUser.h */ = {isa = PBXFileReference; fileEncoding = 4; lastKnownFileType = sourcecode.c.h; path = _TIUser.h; sourceTree = "<group>"; };
		772C92D31BCC173800E3E436 /* _TIUser.m */ = {isa = PBXFileReference; fileEncoding = 4; lastKnownFileType = sourcecode.c.objc; path = _TIUser.m; sourceTree = "<group>"; };
		772C92DB1BCC2BE500E3E436 /* TIInstagramPostsPaginationInfo+Mapping.h */ = {isa = PBXFileReference; fileEncoding = 4; lastKnownFileType = sourcecode.c.h; path = "TIInstagramPostsPaginationInfo+Mapping.h"; sourceTree = "<group>"; };
		772C92DC1BCC2BE500E3E436 /* TIInstagramPostsPaginationInfo+Mapping.m */ = {isa = PBXFileReference; fileEncoding = 4; lastKnownFileType = sourcecode.c.objc; path = "TIInstagramPostsPaginationInfo+Mapping.m"; sourceTree = "<group>"; };
		772C92DF1BCC589C00E3E436 /* TIInstagramPostsPaginationInfo.h */ = {isa = PBXFileReference; fileEncoding = 4; lastKnownFileType = sourcecode.c.h; path = TIInstagramPostsPaginationInfo.h; sourceTree = "<group>"; };
		772C92E01BCC589C00E3E436 /* TIInstagramPostsPaginationInfo.m */ = {isa = PBXFileReference; fileEncoding = 4; lastKnownFileType = sourcecode.c.objc; path = TIInstagramPostsPaginationInfo.m; sourceTree = "<group>"; };
		772C92E21BCD35CE00E3E436 /* TIServicesConstants.h */ = {isa = PBXFileReference; lastKnownFileType = sourcecode.c.h; path = TIServicesConstants.h; sourceTree = "<group>"; };
		77502F041BC5F8F700AAE06F /* TIInstagramPost+Mapping.h */ = {isa = PBXFileReference; fileEncoding = 4; lastKnownFileType = sourcecode.c.h; path = "TIInstagramPost+Mapping.h"; sourceTree = "<group>"; };
		77502F051BC5F8F700AAE06F /* TIInstagramPost+Mapping.m */ = {isa = PBXFileReference; fileEncoding = 4; lastKnownFileType = sourcecode.c.objc; path = "TIInstagramPost+Mapping.m"; sourceTree = "<group>"; };
		77502F071BC5F8F700AAE06F /* TIInstagramManager.h */ = {isa = PBXFileReference; fileEncoding = 4; lastKnownFileType = sourcecode.c.h; path = TIInstagramManager.h; sourceTree = "<group>"; };
		77502F081BC5F8F700AAE06F /* TIInstagramManager.m */ = {isa = PBXFileReference; fileEncoding = 4; lastKnownFileType = sourcecode.c.objc; path = TIInstagramManager.m; sourceTree = "<group>"; };
		77502F0A1BC5F8F700AAE06F /* TIInstagramMapingManager.h */ = {isa = PBXFileReference; fileEncoding = 4; lastKnownFileType = sourcecode.c.h; path = TIInstagramMapingManager.h; sourceTree = "<group>"; };
		77502F0B1BC5F8F700AAE06F /* TIInstagramMapingManager.m */ = {isa = PBXFileReference; fileEncoding = 4; lastKnownFileType = sourcecode.c.objc; path = TIInstagramMapingManager.m; sourceTree = "<group>"; };
		77502F0D1BC5F8F700AAE06F /* TIInstagramRequest.h */ = {isa = PBXFileReference; fileEncoding = 4; lastKnownFileType = sourcecode.c.h; path = TIInstagramRequest.h; sourceTree = "<group>"; };
		77502F0E1BC5F8F700AAE06F /* TIInstagramRequest.m */ = {isa = PBXFileReference; fileEncoding = 4; lastKnownFileType = sourcecode.c.objc; path = TIInstagramRequest.m; sourceTree = "<group>"; };
		77502F101BC5F8F700AAE06F /* TIInstagramRequestFactory.h */ = {isa = PBXFileReference; fileEncoding = 4; lastKnownFileType = sourcecode.c.h; path = TIInstagramRequestFactory.h; sourceTree = "<group>"; };
		77502F111BC5F8F700AAE06F /* TIInstagramRequestFactory.m */ = {isa = PBXFileReference; fileEncoding = 4; lastKnownFileType = sourcecode.c.objc; path = TIInstagramRequestFactory.m; sourceTree = "<group>"; };
		77502F181BC5F94400AAE06F /* TITaggedPostsDataSource.h */ = {isa = PBXFileReference; fileEncoding = 4; lastKnownFileType = sourcecode.c.h; path = TITaggedPostsDataSource.h; sourceTree = "<group>"; };
		77502F191BC5F94400AAE06F /* TITaggedPostsDataSource.m */ = {isa = PBXFileReference; fileEncoding = 4; lastKnownFileType = sourcecode.c.objc; path = TITaggedPostsDataSource.m; sourceTree = "<group>"; };
		77502F1C1BC5FC0700AAE06F /* NSFetchedResultsController+Factory.h */ = {isa = PBXFileReference; fileEncoding = 4; lastKnownFileType = sourcecode.c.h; name = "NSFetchedResultsController+Factory.h"; path = "NSFetchedResultsController + Factory/NSFetchedResultsController+Factory.h"; sourceTree = "<group>"; };
		77502F1D1BC5FC0700AAE06F /* NSFetchedResultsController+Factory.m */ = {isa = PBXFileReference; fileEncoding = 4; lastKnownFileType = sourcecode.c.objc; name = "NSFetchedResultsController+Factory.m"; path = "NSFetchedResultsController + Factory/NSFetchedResultsController+Factory.m"; sourceTree = "<group>"; };
		77502F201BC603B300AAE06F /* TITaggedPostsTableViewDataSource.h */ = {isa = PBXFileReference; fileEncoding = 4; lastKnownFileType = sourcecode.c.h; path = TITaggedPostsTableViewDataSource.h; sourceTree = "<group>"; };
		77502F211BC603B300AAE06F /* TITaggedPostsTableViewDataSource.m */ = {isa = PBXFileReference; fileEncoding = 4; lastKnownFileType = sourcecode.c.objc; path = TITaggedPostsTableViewDataSource.m; sourceTree = "<group>"; };
		77502F281BC604BA00AAE06F /* TITableViewCell.h */ = {isa = PBXFileReference; fileEncoding = 4; lastKnownFileType = sourcecode.c.h; path = TITableViewCell.h; sourceTree = "<group>"; };
		77502F291BC604BA00AAE06F /* TITableViewCell.m */ = {isa = PBXFileReference; fileEncoding = 4; lastKnownFileType = sourcecode.c.objc; path = TITableViewCell.m; sourceTree = "<group>"; };
		77502F301BC6079E00AAE06F /* UIImage+TaggedImages.h */ = {isa = PBXFileReference; fileEncoding = 4; lastKnownFileType = sourcecode.c.h; path = "UIImage+TaggedImages.h"; sourceTree = "<group>"; };
		77502F311BC6079E00AAE06F /* UIImage+TaggedImages.m */ = {isa = PBXFileReference; fileEncoding = 4; lastKnownFileType = sourcecode.c.objc; path = "UIImage+TaggedImages.m"; sourceTree = "<group>"; };
		77502F381BC60AD400AAE06F /* TITableViewController.h */ = {isa = PBXFileReference; fileEncoding = 4; lastKnownFileType = sourcecode.c.h; path = TITableViewController.h; sourceTree = "<group>"; };
		77502F391BC60AD400AAE06F /* TITableViewController.m */ = {isa = PBXFileReference; fileEncoding = 4; lastKnownFileType = sourcecode.c.objc; path = TITableViewController.m; sourceTree = "<group>"; };
		77502F3F1BC67B9500AAE06F /* TICollectionViewCell.h */ = {isa = PBXFileReference; fileEncoding = 4; lastKnownFileType = sourcecode.c.h; path = TICollectionViewCell.h; sourceTree = "<group>"; };
		77502F401BC67B9500AAE06F /* TICollectionViewCell.m */ = {isa = PBXFileReference; fileEncoding = 4; lastKnownFileType = sourcecode.c.objc; path = TICollectionViewCell.m; sourceTree = "<group>"; };
		77502F461BC67C9A00AAE06F /* TICollectionViewController.h */ = {isa = PBXFileReference; fileEncoding = 4; lastKnownFileType = sourcecode.c.h; path = TICollectionViewController.h; sourceTree = "<group>"; };
		77502F471BC67C9A00AAE06F /* TICollectionViewController.m */ = {isa = PBXFileReference; fileEncoding = 4; lastKnownFileType = sourcecode.c.objc; path = TICollectionViewController.m; sourceTree = "<group>"; };
		77502F4D1BC67DAA00AAE06F /* TITaggedPostsCollectionViewDataSource.h */ = {isa = PBXFileReference; fileEncoding = 4; lastKnownFileType = sourcecode.c.h; path = TITaggedPostsCollectionViewDataSource.h; sourceTree = "<group>"; };
		77502F4E1BC67DAA00AAE06F /* TITaggedPostsCollectionViewDataSource.m */ = {isa = PBXFileReference; fileEncoding = 4; lastKnownFileType = sourcecode.c.objc; path = TITaggedPostsCollectionViewDataSource.m; sourceTree = "<group>"; };
		77502F501BC67E2600AAE06F /* TIPresentationConstants.h */ = {isa = PBXFileReference; lastKnownFileType = sourcecode.c.h; path = TIPresentationConstants.h; sourceTree = "<group>"; };
		77502F551BC6824400AAE06F /* TIContainerController.h */ = {isa = PBXFileReference; fileEncoding = 4; lastKnownFileType = sourcecode.c.h; path = TIContainerController.h; sourceTree = "<group>"; };
		77502F561BC6824400AAE06F /* TIContainerController.m */ = {isa = PBXFileReference; fileEncoding = 4; lastKnownFileType = sourcecode.c.objc; path = TIContainerController.m; sourceTree = "<group>"; };
		77502F5C1BC6873D00AAE06F /* TITagViewController.h */ = {isa = PBXFileReference; fileEncoding = 4; lastKnownFileType = sourcecode.c.h; path = TITagViewController.h; sourceTree = "<group>"; };
		77502F5D1BC6873D00AAE06F /* TITagViewController.m */ = {isa = PBXFileReference; fileEncoding = 4; lastKnownFileType = sourcecode.c.objc; path = TITagViewController.m; sourceTree = "<group>"; };
		77502F601BC6878700AAE06F /* TILoginViewController.h */ = {isa = PBXFileReference; fileEncoding = 4; lastKnownFileType = sourcecode.c.h; path = TILoginViewController.h; sourceTree = "<group>"; };
		77502F611BC6878700AAE06F /* TILoginViewController.m */ = {isa = PBXFileReference; fileEncoding = 4; lastKnownFileType = sourcecode.c.objc; path = TILoginViewController.m; sourceTree = "<group>"; };
		77833C721BBA977C003968EA /* TaggedImages.app */ = {isa = PBXFileReference; explicitFileType = wrapper.application; includeInIndex = 0; path = TaggedImages.app; sourceTree = BUILT_PRODUCTS_DIR; };
		77833C761BBA977C003968EA /* main.m */ = {isa = PBXFileReference; lastKnownFileType = sourcecode.c.objc; path = main.m; sourceTree = "<group>"; };
		77833C781BBA977C003968EA /* AppDelegate.h */ = {isa = PBXFileReference; lastKnownFileType = sourcecode.c.h; path = AppDelegate.h; sourceTree = "<group>"; };
		77833C791BBA977C003968EA /* AppDelegate.m */ = {isa = PBXFileReference; lastKnownFileType = sourcecode.c.objc; path = AppDelegate.m; sourceTree = "<group>"; };
		77833C7B1BBA977C003968EA /* ViewController.h */ = {isa = PBXFileReference; lastKnownFileType = sourcecode.c.h; path = ViewController.h; sourceTree = "<group>"; };
		77833C7C1BBA977C003968EA /* ViewController.m */ = {isa = PBXFileReference; lastKnownFileType = sourcecode.c.objc; path = ViewController.m; sourceTree = "<group>"; };
		77833C7F1BBA977C003968EA /* Base */ = {isa = PBXFileReference; lastKnownFileType = file.storyboard; name = Base; path = Base.lproj/Main.storyboard; sourceTree = "<group>"; };
		77833C821BBA977C003968EA /* TaggedImages.xcdatamodel */ = {isa = PBXFileReference; lastKnownFileType = wrapper.xcdatamodel; path = TaggedImages.xcdatamodel; sourceTree = "<group>"; };
		77833C841BBA977C003968EA /* Assets.xcassets */ = {isa = PBXFileReference; lastKnownFileType = folder.assetcatalog; name = Assets.xcassets; path = ../Assets.xcassets; sourceTree = "<group>"; };
		77833C871BBA977C003968EA /* Base */ = {isa = PBXFileReference; lastKnownFileType = file.storyboard; name = Base; path = Base.lproj/LaunchScreen.storyboard; sourceTree = "<group>"; };
		77833C891BBA977C003968EA /* Info.plist */ = {isa = PBXFileReference; lastKnownFileType = text.plist.xml; path = Info.plist; sourceTree = "<group>"; };
		B5A5D8DD0EF1309DFCC59235 /* libPods-TaggedImages.a */ = {isa = PBXFileReference; explicitFileType = archive.ar; includeInIndex = 0; path = "libPods-TaggedImages.a"; sourceTree = BUILT_PRODUCTS_DIR; };
/* End PBXFileReference section */

/* Begin PBXFrameworksBuildPhase section */
		77833C6F1BBA977C003968EA /* Frameworks */ = {
			isa = PBXFrameworksBuildPhase;
			buildActionMask = 2147483647;
			files = (
				AC53EB7A2A9C8E90AC7F0726 /* libPods-TaggedImages.a in Frameworks */,
			);
			runOnlyForDeploymentPostprocessing = 0;
		};
/* End PBXFrameworksBuildPhase section */

/* Begin PBXGroup section */
		14EED61D8D30E0C8311A3F87 /* Pods */ = {
			isa = PBXGroup;
			children = (
				4F320C2D41255C7257F32931 /* Pods-TaggedImages.debug.xcconfig */,
				3991F7B82A94EA3D93C4E414 /* Pods-TaggedImages.release.xcconfig */,
			);
			name = Pods;
			sourceTree = "<group>";
		};
		72A5D2938932A1F40DFF739B /* Frameworks */ = {
			isa = PBXGroup;
			children = (
				B5A5D8DD0EF1309DFCC59235 /* libPods-TaggedImages.a */,
			);
			name = Frameworks;
			sourceTree = "<group>";
		};
		770080041BC2C552008DE2C7 /* Presentation */ = {
			isa = PBXGroup;
			children = (
				77502F501BC67E2600AAE06F /* TIPresentationConstants.h */,
				77502F361BC60AD400AAE06F /* ViewControllers */,
				77502F2E1BC6079E00AAE06F /* Utils */,
				77502F231BC6047800AAE06F /* Views */,
				77502EF91BC5F7C100AAE06F /* DataSource */,
				77833C841BBA977C003968EA /* Assets.xcassets */,
			);
			name = Presentation;
			path = TaggedImages/Presentation;
			sourceTree = SOURCE_ROOT;
		};
		772C92C51BCC173800E3E436 /* CoreData */ = {
			isa = PBXGroup;
			children = (
				772C92C61BCC173800E3E436 /* Human */,
				772C92CD1BCC173800E3E436 /* Machine */,
			);
			path = CoreData;
			sourceTree = "<group>";
		};
		772C92C61BCC173800E3E436 /* Human */ = {
			isa = PBXGroup;
			children = (
				772C92C71BCC173800E3E436 /* TIInstagramPost.h */,
				772C92C81BCC173800E3E436 /* TIInstagramPost.m */,
				772C92CB1BCC173800E3E436 /* TIUser.h */,
				772C92CC1BCC173800E3E436 /* TIUser.m */,
			);
			path = Human;
			sourceTree = "<group>";
		};
		772C92CD1BCC173800E3E436 /* Machine */ = {
			isa = PBXGroup;
			children = (
				772C92CE1BCC173800E3E436 /* _TIInstagramPost.h */,
				772C92CF1BCC173800E3E436 /* _TIInstagramPost.m */,
				772C92D21BCC173800E3E436 /* _TIUser.h */,
				772C92D31BCC173800E3E436 /* _TIUser.m */,
			);
			path = Machine;
			sourceTree = "<group>";
		};
		772C92DA1BCC2BE500E3E436 /* TIInstagramPostsPaginationInfo+Mapping */ = {
			isa = PBXGroup;
			children = (
				772C92DB1BCC2BE500E3E436 /* TIInstagramPostsPaginationInfo+Mapping.h */,
				772C92DC1BCC2BE500E3E436 /* TIInstagramPostsPaginationInfo+Mapping.m */,
			);
			path = "TIInstagramPostsPaginationInfo+Mapping";
			sourceTree = "<group>";
		};
		772C92DE1BCC589C00E3E436 /* TIInstagramPostsPaginationInfo */ = {
			isa = PBXGroup;
			children = (
				772C92DF1BCC589C00E3E436 /* TIInstagramPostsPaginationInfo.h */,
				772C92E01BCC589C00E3E436 /* TIInstagramPostsPaginationInfo.m */,
			);
			path = TIInstagramPostsPaginationInfo;
			sourceTree = "<group>";
		};
		77502EF91BC5F7C100AAE06F /* DataSource */ = {
			isa = PBXGroup;
			children = (
				77502F4C1BC67DAA00AAE06F /* TICollectionViewDataSource */,
				77502F1F1BC603B300AAE06F /* TITableViewDataSource */,
			);
			path = DataSource;
			sourceTree = "<group>";
		};
		77502F011BC5F8F700AAE06F /* Services */ = {
			isa = PBXGroup;
			children = (
				772C92E21BCD35CE00E3E436 /* TIServicesConstants.h */,
				77502F1B1BC5FBBC00AAE06F /* Utils */,
				77502F171BC5F92D00AAE06F /* TIDataSource */,
				77502F021BC5F8F700AAE06F /* MappingRules */,
				77502F061BC5F8F700AAE06F /* TIInstagramManager */,
				77502F091BC5F8F700AAE06F /* TIInstagramMapingManager */,
				77502F0C1BC5F8F700AAE06F /* TIInstagramRequest */,
				77502F0F1BC5F8F700AAE06F /* TIInstagramRequestFactory */,
			);
			path = Services;
			sourceTree = "<group>";
		};
		77502F021BC5F8F700AAE06F /* MappingRules */ = {
			isa = PBXGroup;
			children = (
				772C92DA1BCC2BE500E3E436 /* TIInstagramPostsPaginationInfo+Mapping */,
				77502F031BC5F8F700AAE06F /* TIInstagramPost+Mapping */,
			);
			path = MappingRules;
			sourceTree = "<group>";
		};
		77502F031BC5F8F700AAE06F /* TIInstagramPost+Mapping */ = {
			isa = PBXGroup;
			children = (
				77502F041BC5F8F700AAE06F /* TIInstagramPost+Mapping.h */,
				77502F051BC5F8F700AAE06F /* TIInstagramPost+Mapping.m */,
			);
			path = "TIInstagramPost+Mapping";
			sourceTree = "<group>";
		};
		77502F061BC5F8F700AAE06F /* TIInstagramManager */ = {
			isa = PBXGroup;
			children = (
				77502F071BC5F8F700AAE06F /* TIInstagramManager.h */,
				77502F081BC5F8F700AAE06F /* TIInstagramManager.m */,
			);
			path = TIInstagramManager;
			sourceTree = "<group>";
		};
		77502F091BC5F8F700AAE06F /* TIInstagramMapingManager */ = {
			isa = PBXGroup;
			children = (
				77502F0A1BC5F8F700AAE06F /* TIInstagramMapingManager.h */,
				77502F0B1BC5F8F700AAE06F /* TIInstagramMapingManager.m */,
			);
			path = TIInstagramMapingManager;
			sourceTree = "<group>";
		};
		77502F0C1BC5F8F700AAE06F /* TIInstagramRequest */ = {
			isa = PBXGroup;
			children = (
				77502F0D1BC5F8F700AAE06F /* TIInstagramRequest.h */,
				77502F0E1BC5F8F700AAE06F /* TIInstagramRequest.m */,
			);
			path = TIInstagramRequest;
			sourceTree = "<group>";
		};
		77502F0F1BC5F8F700AAE06F /* TIInstagramRequestFactory */ = {
			isa = PBXGroup;
			children = (
				77502F101BC5F8F700AAE06F /* TIInstagramRequestFactory.h */,
				77502F111BC5F8F700AAE06F /* TIInstagramRequestFactory.m */,
			);
			path = TIInstagramRequestFactory;
			sourceTree = "<group>";
		};
		77502F171BC5F92D00AAE06F /* TIDataSource */ = {
			isa = PBXGroup;
			children = (
				77502F181BC5F94400AAE06F /* TITaggedPostsDataSource.h */,
				77502F191BC5F94400AAE06F /* TITaggedPostsDataSource.m */,
			);
			path = TIDataSource;
			sourceTree = "<group>";
		};
		77502F1B1BC5FBBC00AAE06F /* Utils */ = {
			isa = PBXGroup;
			children = (
				77502F1C1BC5FC0700AAE06F /* NSFetchedResultsController+Factory.h */,
				77502F1D1BC5FC0700AAE06F /* NSFetchedResultsController+Factory.m */,
			);
			path = Utils;
			sourceTree = "<group>";
		};
		77502F1F1BC603B300AAE06F /* TITableViewDataSource */ = {
			isa = PBXGroup;
			children = (
				77502F201BC603B300AAE06F /* TITaggedPostsTableViewDataSource.h */,
				77502F211BC603B300AAE06F /* TITaggedPostsTableViewDataSource.m */,
			);
			path = TITableViewDataSource;
			sourceTree = "<group>";
		};
		77502F231BC6047800AAE06F /* Views */ = {
			isa = PBXGroup;
			children = (
				77502F3E1BC67B9500AAE06F /* TICollectionViewCell */,
				77502F271BC604BA00AAE06F /* TITableViewCell */,
			);
			path = Views;
			sourceTree = "<group>";
		};
		77502F271BC604BA00AAE06F /* TITableViewCell */ = {
			isa = PBXGroup;
			children = (
				77502F281BC604BA00AAE06F /* TITableViewCell.h */,
				77502F291BC604BA00AAE06F /* TITableViewCell.m */,
			);
			path = TITableViewCell;
			sourceTree = "<group>";
		};
		77502F2E1BC6079E00AAE06F /* Utils */ = {
			isa = PBXGroup;
			children = (
				77502F2F1BC6079E00AAE06F /* UIImage + TaggedImages */,
			);
			path = Utils;
			sourceTree = "<group>";
		};
		77502F2F1BC6079E00AAE06F /* UIImage + TaggedImages */ = {
			isa = PBXGroup;
			children = (
				77502F301BC6079E00AAE06F /* UIImage+TaggedImages.h */,
				77502F311BC6079E00AAE06F /* UIImage+TaggedImages.m */,
			);
			path = "UIImage + TaggedImages";
			sourceTree = "<group>";
		};
		77502F361BC60AD400AAE06F /* ViewControllers */ = {
			isa = PBXGroup;
			children = (
				77502F5F1BC6878700AAE06F /* TILoginViewController */,
				77502F5B1BC6873D00AAE06F /* TITagViewController */,
				77502F541BC6824400AAE06F /* TIContainerController */,
				77502F451BC67C9A00AAE06F /* TICollectionViewController */,
				77502F371BC60AD400AAE06F /* TITableViewController */,
			);
			path = ViewControllers;
			sourceTree = "<group>";
		};
		77502F371BC60AD400AAE06F /* TITableViewController */ = {
			isa = PBXGroup;
			children = (
				77502F381BC60AD400AAE06F /* TITableViewController.h */,
				77502F391BC60AD400AAE06F /* TITableViewController.m */,
			);
			path = TITableViewController;
			sourceTree = "<group>";
		};
		77502F3E1BC67B9500AAE06F /* TICollectionViewCell */ = {
			isa = PBXGroup;
			children = (
				77502F3F1BC67B9500AAE06F /* TICollectionViewCell.h */,
				77502F401BC67B9500AAE06F /* TICollectionViewCell.m */,
			);
			path = TICollectionViewCell;
			sourceTree = "<group>";
		};
		77502F451BC67C9A00AAE06F /* TICollectionViewController */ = {
			isa = PBXGroup;
			children = (
				77502F461BC67C9A00AAE06F /* TICollectionViewController.h */,
				77502F471BC67C9A00AAE06F /* TICollectionViewController.m */,
			);
			path = TICollectionViewController;
			sourceTree = "<group>";
		};
		77502F4C1BC67DAA00AAE06F /* TICollectionViewDataSource */ = {
			isa = PBXGroup;
			children = (
				77502F4D1BC67DAA00AAE06F /* TITaggedPostsCollectionViewDataSource.h */,
				77502F4E1BC67DAA00AAE06F /* TITaggedPostsCollectionViewDataSource.m */,
			);
			path = TICollectionViewDataSource;
			sourceTree = "<group>";
		};
		77502F541BC6824400AAE06F /* TIContainerController */ = {
			isa = PBXGroup;
			children = (
				77502F551BC6824400AAE06F /* TIContainerController.h */,
				77502F561BC6824400AAE06F /* TIContainerController.m */,
			);
			path = TIContainerController;
			sourceTree = "<group>";
		};
		77502F5B1BC6873D00AAE06F /* TITagViewController */ = {
			isa = PBXGroup;
			children = (
				77502F5C1BC6873D00AAE06F /* TITagViewController.h */,
				77502F5D1BC6873D00AAE06F /* TITagViewController.m */,
			);
			path = TITagViewController;
			sourceTree = "<group>";
		};
		77502F5F1BC6878700AAE06F /* TILoginViewController */ = {
			isa = PBXGroup;
			children = (
				77502F601BC6878700AAE06F /* TILoginViewController.h */,
				77502F611BC6878700AAE06F /* TILoginViewController.m */,
			);
			path = TILoginViewController;
			sourceTree = "<group>";
		};
		7753B4B81BBDA90700C4E242 /* Models */ = {
			isa = PBXGroup;
			children = (
				772C92DE1BCC589C00E3E436 /* TIInstagramPostsPaginationInfo */,
				772C92C51BCC173800E3E436 /* CoreData */,
			);
			path = Models;
			sourceTree = "<group>";
		};
		77833C691BBA977C003968EA = {
			isa = PBXGroup;
			children = (
				77833C741BBA977C003968EA /* TaggedImages */,
				77833C731BBA977C003968EA /* Products */,
				14EED61D8D30E0C8311A3F87 /* Pods */,
				72A5D2938932A1F40DFF739B /* Frameworks */,
			);
			sourceTree = "<group>";
		};
		77833C731BBA977C003968EA /* Products */ = {
			isa = PBXGroup;
			children = (
				77833C721BBA977C003968EA /* TaggedImages.app */,
			);
			name = Products;
			sourceTree = "<group>";
		};
		77833C741BBA977C003968EA /* TaggedImages */ = {
			isa = PBXGroup;
			children = (
				77502F011BC5F8F700AAE06F /* Services */,
				770080041BC2C552008DE2C7 /* Presentation */,
				7753B4B81BBDA90700C4E242 /* Models */,
				77833C781BBA977C003968EA /* AppDelegate.h */,
				77833C791BBA977C003968EA /* AppDelegate.m */,
				77833C7C1BBA977C003968EA /* ViewController.m */,
				77833C7B1BBA977C003968EA /* ViewController.h */,
				77007FF71BBE3B8D008DE2C7 /* jsonArray.txt */,
				77007FF51BBE23A7008DE2C7 /* json.txt */,
				77833C7E1BBA977C003968EA /* Main.storyboard */,
				77833C861BBA977C003968EA /* LaunchScreen.storyboard */,
				77833C891BBA977C003968EA /* Info.plist */,
				77833C811BBA977C003968EA /* TaggedImages.xcdatamodeld */,
				77833C751BBA977C003968EA /* Supporting Files */,
			);
			path = TaggedImages;
			sourceTree = "<group>";
		};
		77833C751BBA977C003968EA /* Supporting Files */ = {
			isa = PBXGroup;
			children = (
				77833C761BBA977C003968EA /* main.m */,
			);
			name = "Supporting Files";
			sourceTree = "<group>";
		};
/* End PBXGroup section */

/* Begin PBXNativeTarget section */
		77833C711BBA977C003968EA /* TaggedImages */ = {
			isa = PBXNativeTarget;
			buildConfigurationList = 77833C8C1BBA977C003968EA /* Build configuration list for PBXNativeTarget "TaggedImages" */;
			buildPhases = (
				61C43D76A69EB359AB5E30CC /* Check Pods Manifest.lock */,
				77833C6E1BBA977C003968EA /* Sources */,
				77833C6F1BBA977C003968EA /* Frameworks */,
				77833C701BBA977C003968EA /* Resources */,
				552A757BE10AC547870F044D /* Copy Pods Resources */,
			);
			buildRules = (
			);
			dependencies = (
			);
			name = TaggedImages;
			productName = TaggedImages;
			productReference = 77833C721BBA977C003968EA /* TaggedImages.app */;
			productType = "com.apple.product-type.application";
		};
/* End PBXNativeTarget section */

/* Begin PBXProject section */
		77833C6A1BBA977C003968EA /* Project object */ = {
			isa = PBXProject;
			attributes = {
				LastUpgradeCheck = 0700;
				ORGANIZATIONNAME = AndrewPetrov;
				TargetAttributes = {
					77833C711BBA977C003968EA = {
						CreatedOnToolsVersion = 7.0;
					};
					77D1F1561BBD878F00301854 = {
						CreatedOnToolsVersion = 7.0.1;
					};
				};
			};
			buildConfigurationList = 77833C6D1BBA977C003968EA /* Build configuration list for PBXProject "TaggedImages" */;
			compatibilityVersion = "Xcode 3.2";
			developmentRegion = English;
			hasScannedForEncodings = 0;
			knownRegions = (
				en,
				Base,
			);
			mainGroup = 77833C691BBA977C003968EA;
			productRefGroup = 77833C731BBA977C003968EA /* Products */;
			projectDirPath = "";
			projectRoot = "";
			targets = (
				77833C711BBA977C003968EA /* TaggedImages */,
				77D1F1561BBD878F00301854 /* Mogenerator */,
			);
		};
/* End PBXProject section */

/* Begin PBXResourcesBuildPhase section */
		77833C701BBA977C003968EA /* Resources */ = {
			isa = PBXResourcesBuildPhase;
			buildActionMask = 2147483647;
			files = (
				77007FF61BBE23A7008DE2C7 /* json.txt in Resources */,
				77833C881BBA977C003968EA /* LaunchScreen.storyboard in Resources */,
				77833C851BBA977C003968EA /* Assets.xcassets in Resources */,
				77007FF81BBE3B8D008DE2C7 /* jsonArray.txt in Resources */,
				77833C801BBA977C003968EA /* Main.storyboard in Resources */,
			);
			runOnlyForDeploymentPostprocessing = 0;
		};
/* End PBXResourcesBuildPhase section */

/* Begin PBXShellScriptBuildPhase section */
		552A757BE10AC547870F044D /* Copy Pods Resources */ = {
			isa = PBXShellScriptBuildPhase;
			buildActionMask = 2147483647;
			files = (
			);
			inputPaths = (
			);
			name = "Copy Pods Resources";
			outputPaths = (
			);
			runOnlyForDeploymentPostprocessing = 0;
			shellPath = /bin/sh;
			shellScript = "\"${SRCROOT}/Pods/Target Support Files/Pods-TaggedImages/Pods-TaggedImages-resources.sh\"\n";
			showEnvVarsInLog = 0;
		};
		61C43D76A69EB359AB5E30CC /* Check Pods Manifest.lock */ = {
			isa = PBXShellScriptBuildPhase;
			buildActionMask = 2147483647;
			files = (
			);
			inputPaths = (
			);
			name = "Check Pods Manifest.lock";
			outputPaths = (
			);
			runOnlyForDeploymentPostprocessing = 0;
			shellPath = /bin/sh;
			shellScript = "diff \"${PODS_ROOT}/../Podfile.lock\" \"${PODS_ROOT}/Manifest.lock\" > /dev/null\nif [[ $? != 0 ]] ; then\n    cat << EOM\nerror: The sandbox is not in sync with the Podfile.lock. Run 'pod install' or update your CocoaPods installation.\nEOM\n    exit 1\nfi\n";
			showEnvVarsInLog = 0;
		};
		77D1F15A1BBD87A900301854 /* ShellScript */ = {
			isa = PBXShellScriptBuildPhase;
			buildActionMask = 2147483647;
			files = (
			);
			inputPaths = (
			);
			outputPaths = (
			);
			runOnlyForDeploymentPostprocessing = 0;
			shellPath = /bin/sh;
			shellScript = "/usr/local/bin/mogenerator --template-var arc=true -m \"/developing/Yalantis/TaggedImages/TaggedImages/TaggedImages.xcdatamodeld\" -M /developing/Yalantis/TaggedImages/TaggedImages/Models/CoreData/Machine/ -H /developing/Yalantis/TaggedImages/TaggedImages/Models/CoreData/Human";
		};
/* End PBXShellScriptBuildPhase section */

/* Begin PBXSourcesBuildPhase section */
		77833C6E1BBA977C003968EA /* Sources */ = {
			isa = PBXSourcesBuildPhase;
			buildActionMask = 2147483647;
			files = (
				77833C7D1BBA977C003968EA /* ViewController.m in Sources */,
				772C92D61BCC173800E3E436 /* TIUser.m in Sources */,
				77502F1A1BC5F94400AAE06F /* TITaggedPostsDataSource.m in Sources */,
				77502F4F1BC67DAA00AAE06F /* TITaggedPostsCollectionViewDataSource.m in Sources */,
				77502F621BC6878700AAE06F /* TILoginViewController.m in Sources */,
				77833C7A1BBA977C003968EA /* AppDelegate.m in Sources */,
				77502F2A1BC604BA00AAE06F /* TITableViewCell.m in Sources */,
				77833C771BBA977C003968EA /* main.m in Sources */,
				77502F221BC603B300AAE06F /* TITaggedPostsTableViewDataSource.m in Sources */,
				77833C831BBA977C003968EA /* TaggedImages.xcdatamodeld in Sources */,
				77502F141BC5F8F700AAE06F /* TIInstagramMapingManager.m in Sources */,
				77502F321BC6079E00AAE06F /* UIImage+TaggedImages.m in Sources */,
				77502F3A1BC60AD400AAE06F /* TITableViewController.m in Sources */,
				77502F121BC5F8F700AAE06F /* TIInstagramPost+Mapping.m in Sources */,
				77502F571BC6824400AAE06F /* TIContainerController.m in Sources */,
				77502F1E1BC5FC0700AAE06F /* NSFetchedResultsController+Factory.m in Sources */,
				772C92D91BCC173800E3E436 /* _TIUser.m in Sources */,
				77502F411BC67B9500AAE06F /* TICollectionViewCell.m in Sources */,
				772C92E11BCC589C00E3E436 /* TIInstagramPostsPaginationInfo.m in Sources */,
				77502F151BC5F8F700AAE06F /* TIInstagramRequest.m in Sources */,
				77502F131BC5F8F700AAE06F /* TIInstagramManager.m in Sources */,
				772C92D71BCC173800E3E436 /* _TIInstagramPost.m in Sources */,
				77502F5E1BC6873D00AAE06F /* TITagViewController.m in Sources */,
				772C92D41BCC173800E3E436 /* TIInstagramPost.m in Sources */,
				772C92DD1BCC2BE500E3E436 /* TIInstagramPostsPaginationInfo+Mapping.m in Sources */,
				77502F161BC5F8F700AAE06F /* TIInstagramRequestFactory.m in Sources */,
				77502F481BC67C9A00AAE06F /* TICollectionViewController.m in Sources */,
			);
			runOnlyForDeploymentPostprocessing = 0;
		};
/* End PBXSourcesBuildPhase section */

/* Begin PBXVariantGroup section */
		77833C7E1BBA977C003968EA /* Main.storyboard */ = {
			isa = PBXVariantGroup;
			children = (
				77833C7F1BBA977C003968EA /* Base */,
			);
			name = Main.storyboard;
			sourceTree = "<group>";
		};
		77833C861BBA977C003968EA /* LaunchScreen.storyboard */ = {
			isa = PBXVariantGroup;
			children = (
				77833C871BBA977C003968EA /* Base */,
			);
			name = LaunchScreen.storyboard;
			sourceTree = "<group>";
		};
/* End PBXVariantGroup section */

/* Begin XCBuildConfiguration section */
		77833C8A1BBA977C003968EA /* Debug */ = {
			isa = XCBuildConfiguration;
			buildSettings = {
				ALWAYS_SEARCH_USER_PATHS = NO;
				CLANG_CXX_LANGUAGE_STANDARD = "gnu++0x";
				CLANG_CXX_LIBRARY = "libc++";
				CLANG_ENABLE_MODULES = YES;
				CLANG_ENABLE_OBJC_ARC = YES;
				CLANG_WARN_BOOL_CONVERSION = YES;
				CLANG_WARN_CONSTANT_CONVERSION = YES;
				CLANG_WARN_DIRECT_OBJC_ISA_USAGE = YES_ERROR;
				CLANG_WARN_EMPTY_BODY = YES;
				CLANG_WARN_ENUM_CONVERSION = YES;
				CLANG_WARN_INT_CONVERSION = YES;
				CLANG_WARN_OBJC_ROOT_CLASS = YES_ERROR;
				CLANG_WARN_UNREACHABLE_CODE = YES;
				CLANG_WARN__DUPLICATE_METHOD_MATCH = YES;
				"CODE_SIGN_IDENTITY[sdk=iphoneos*]" = "iPhone Developer";
				COPY_PHASE_STRIP = NO;
				DEBUG_INFORMATION_FORMAT = dwarf;
				ENABLE_STRICT_OBJC_MSGSEND = YES;
				ENABLE_TESTABILITY = YES;
				GCC_C_LANGUAGE_STANDARD = gnu99;
				GCC_DYNAMIC_NO_PIC = NO;
				GCC_NO_COMMON_BLOCKS = YES;
				GCC_OPTIMIZATION_LEVEL = 0;
				GCC_PREPROCESSOR_DEFINITIONS = (
					"DEBUG=1",
					"$(inherited)",
				);
				GCC_WARN_64_TO_32_BIT_CONVERSION = YES;
				GCC_WARN_ABOUT_RETURN_TYPE = YES_ERROR;
				GCC_WARN_UNDECLARED_SELECTOR = YES;
				GCC_WARN_UNINITIALIZED_AUTOS = YES_AGGRESSIVE;
				GCC_WARN_UNUSED_FUNCTION = YES;
				GCC_WARN_UNUSED_VARIABLE = YES;
				IPHONEOS_DEPLOYMENT_TARGET = 9.0;
				MTL_ENABLE_DEBUG_INFO = YES;
				ONLY_ACTIVE_ARCH = YES;
				SDKROOT = iphoneos;
			};
			name = Debug;
		};
		77833C8B1BBA977C003968EA /* Release */ = {
			isa = XCBuildConfiguration;
			buildSettings = {
				ALWAYS_SEARCH_USER_PATHS = NO;
				CLANG_CXX_LANGUAGE_STANDARD = "gnu++0x";
				CLANG_CXX_LIBRARY = "libc++";
				CLANG_ENABLE_MODULES = YES;
				CLANG_ENABLE_OBJC_ARC = YES;
				CLANG_WARN_BOOL_CONVERSION = YES;
				CLANG_WARN_CONSTANT_CONVERSION = YES;
				CLANG_WARN_DIRECT_OBJC_ISA_USAGE = YES_ERROR;
				CLANG_WARN_EMPTY_BODY = YES;
				CLANG_WARN_ENUM_CONVERSION = YES;
				CLANG_WARN_INT_CONVERSION = YES;
				CLANG_WARN_OBJC_ROOT_CLASS = YES_ERROR;
				CLANG_WARN_UNREACHABLE_CODE = YES;
				CLANG_WARN__DUPLICATE_METHOD_MATCH = YES;
				"CODE_SIGN_IDENTITY[sdk=iphoneos*]" = "iPhone Developer";
				COPY_PHASE_STRIP = NO;
				DEBUG_INFORMATION_FORMAT = "dwarf-with-dsym";
				ENABLE_NS_ASSERTIONS = NO;
				ENABLE_STRICT_OBJC_MSGSEND = YES;
				GCC_C_LANGUAGE_STANDARD = gnu99;
				GCC_NO_COMMON_BLOCKS = YES;
				GCC_WARN_64_TO_32_BIT_CONVERSION = YES;
				GCC_WARN_ABOUT_RETURN_TYPE = YES_ERROR;
				GCC_WARN_UNDECLARED_SELECTOR = YES;
				GCC_WARN_UNINITIALIZED_AUTOS = YES_AGGRESSIVE;
				GCC_WARN_UNUSED_FUNCTION = YES;
				GCC_WARN_UNUSED_VARIABLE = YES;
				IPHONEOS_DEPLOYMENT_TARGET = 9.0;
				MTL_ENABLE_DEBUG_INFO = NO;
				SDKROOT = iphoneos;
				VALIDATE_PRODUCT = YES;
			};
			name = Release;
		};
		77833C8D1BBA977C003968EA /* Debug */ = {
			isa = XCBuildConfiguration;
			baseConfigurationReference = 4F320C2D41255C7257F32931 /* Pods-TaggedImages.debug.xcconfig */;
			buildSettings = {
				ASSETCATALOG_COMPILER_APPICON_NAME = AppIcon;
				INFOPLIST_FILE = TaggedImages/Info.plist;
				LD_RUNPATH_SEARCH_PATHS = "$(inherited) @executable_path/Frameworks";
				PRODUCT_BUNDLE_IDENTIFIER = andrew.petrov.TaggedImages;
				PRODUCT_NAME = "$(TARGET_NAME)";
			};
			name = Debug;
		};
		77833C8E1BBA977C003968EA /* Release */ = {
			isa = XCBuildConfiguration;
			baseConfigurationReference = 3991F7B82A94EA3D93C4E414 /* Pods-TaggedImages.release.xcconfig */;
			buildSettings = {
				ASSETCATALOG_COMPILER_APPICON_NAME = AppIcon;
				INFOPLIST_FILE = TaggedImages/Info.plist;
				LD_RUNPATH_SEARCH_PATHS = "$(inherited) @executable_path/Frameworks";
				PRODUCT_BUNDLE_IDENTIFIER = andrew.petrov.TaggedImages;
				PRODUCT_NAME = "$(TARGET_NAME)";
			};
			name = Release;
		};
		77D1F1571BBD878F00301854 /* Debug */ = {
			isa = XCBuildConfiguration;
			buildSettings = {
				PRODUCT_NAME = "$(TARGET_NAME)";
			};
			name = Debug;
		};
		77D1F1581BBD878F00301854 /* Release */ = {
			isa = XCBuildConfiguration;
			buildSettings = {
				PRODUCT_NAME = "$(TARGET_NAME)";
			};
			name = Release;
		};
/* End XCBuildConfiguration section */

/* Begin XCConfigurationList section */
		77833C6D1BBA977C003968EA /* Build configuration list for PBXProject "TaggedImages" */ = {
			isa = XCConfigurationList;
			buildConfigurations = (
				77833C8A1BBA977C003968EA /* Debug */,
				77833C8B1BBA977C003968EA /* Release */,
			);
			defaultConfigurationIsVisible = 0;
			defaultConfigurationName = Release;
		};
		77833C8C1BBA977C003968EA /* Build configuration list for PBXNativeTarget "TaggedImages" */ = {
			isa = XCConfigurationList;
			buildConfigurations = (
				77833C8D1BBA977C003968EA /* Debug */,
				77833C8E1BBA977C003968EA /* Release */,
			);
			defaultConfigurationIsVisible = 0;
			defaultConfigurationName = Release;
		};
		77D1F1591BBD878F00301854 /* Build configuration list for PBXAggregateTarget "Mogenerator" */ = {
			isa = XCConfigurationList;
			buildConfigurations = (
				77D1F1571BBD878F00301854 /* Debug */,
				77D1F1581BBD878F00301854 /* Release */,
			);
			defaultConfigurationIsVisible = 0;
			defaultConfigurationName = Release;
		};
/* End XCConfigurationList section */

/* Begin XCVersionGroup section */
		77833C811BBA977C003968EA /* TaggedImages.xcdatamodeld */ = {
			isa = XCVersionGroup;
			children = (
				77833C821BBA977C003968EA /* TaggedImages.xcdatamodel */,
			);
			currentVersion = 77833C821BBA977C003968EA /* TaggedImages.xcdatamodel */;
			path = TaggedImages.xcdatamodeld;
			sourceTree = "<group>";
			versionGroupType = wrapper.xcdatamodel;
		};
/* End XCVersionGroup section */
	};
	rootObject = 77833C6A1BBA977C003968EA /* Project object */;
}
